// !$*UTF8*$!
{
	archiveVersion = 1;
	classes = {
	};
	objectVersion = 52;
	objects = {

/* Begin PBXBuildFile section */
		36A0AF5E23BDD3A50075FC0C /* UIScrollView+JCParallaxHeader.m in Sources */ = {isa = PBXBuildFile; fileRef = 36A0AF1423BDD3A50075FC0C /* UIScrollView+JCParallaxHeader.m */; };
		36A0AF5F23BDD3A50075FC0C /* UIControl+JCExtend.m in Sources */ = {isa = PBXBuildFile; fileRef = 36A0AF1523BDD3A50075FC0C /* UIControl+JCExtend.m */; };
		36A0AF6023BDD3A50075FC0C /* UIImage+JCExtend.m in Sources */ = {isa = PBXBuildFile; fileRef = 36A0AF1623BDD3A50075FC0C /* UIImage+JCExtend.m */; };
		36A0AF6123BDD3A50075FC0C /* UITabBarItem+JCExtend.m in Sources */ = {isa = PBXBuildFile; fileRef = 36A0AF1723BDD3A50075FC0C /* UITabBarItem+JCExtend.m */; };
		36A0AF6223BDD3A50075FC0C /* UIScrollView+JCParallaxHeader.h in Headers */ = {isa = PBXBuildFile; fileRef = 36A0AF1823BDD3A50075FC0C /* UIScrollView+JCParallaxHeader.h */; };
		36A0AF6323BDD3A50075FC0C /* UIControl+JCExtend.h in Headers */ = {isa = PBXBuildFile; fileRef = 36A0AF1923BDD3A50075FC0C /* UIControl+JCExtend.h */; };
		36A0AF6423BDD3A50075FC0C /* UIImage+JCExtend.h in Headers */ = {isa = PBXBuildFile; fileRef = 36A0AF1A23BDD3A50075FC0C /* UIImage+JCExtend.h */; };
		36A0AF6523BDD3A50075FC0C /* UITabBarItem+JCExtend.h in Headers */ = {isa = PBXBuildFile; fileRef = 36A0AF1B23BDD3A50075FC0C /* UITabBarItem+JCExtend.h */; };
		36A0AF6623BDD3A50075FC0C /* JCTagCollectionViewCell.m in Sources */ = {isa = PBXBuildFile; fileRef = 36A0AF1D23BDD3A50075FC0C /* JCTagCollectionViewCell.m */; };
		36A0AF6723BDD3A50075FC0C /* JCTagCollectionView.m in Sources */ = {isa = PBXBuildFile; fileRef = 36A0AF1E23BDD3A50075FC0C /* JCTagCollectionView.m */; };
		36A0AF6823BDD3A50075FC0C /* JCCollectionViewFlowLayout.m in Sources */ = {isa = PBXBuildFile; fileRef = 36A0AF1F23BDD3A50075FC0C /* JCCollectionViewFlowLayout.m */; };
		36A0AF6923BDD3A50075FC0C /* JCCollectionViewFlowLayout.h in Headers */ = {isa = PBXBuildFile; fileRef = 36A0AF2023BDD3A50075FC0C /* JCCollectionViewFlowLayout.h */; };
		36A0AF6A23BDD3A50075FC0C /* JCTagCollectionView.h in Headers */ = {isa = PBXBuildFile; fileRef = 36A0AF2123BDD3A50075FC0C /* JCTagCollectionView.h */; };
		36A0AF6B23BDD3A50075FC0C /* JCTagCollectionViewCell.h in Headers */ = {isa = PBXBuildFile; fileRef = 36A0AF2223BDD3A50075FC0C /* JCTagCollectionViewCell.h */; };
		36A0AF6C23BDD3A50075FC0C /* JCToolKit_UI.h in Headers */ = {isa = PBXBuildFile; fileRef = 36A0AF2323BDD3A50075FC0C /* JCToolKit_UI.h */; };
		36A0AF6D23BDD3A50075FC0C /* JCRequestObj.m in Sources */ = {isa = PBXBuildFile; fileRef = 36A0AF2623BDD3A50075FC0C /* JCRequestObj.m */; };
		36A0AF6E23BDD3A50075FC0C /* JCResponedObj.h in Headers */ = {isa = PBXBuildFile; fileRef = 36A0AF2723BDD3A50075FC0C /* JCResponedObj.h */; };
		36A0AF6F23BDD3A50075FC0C /* JCRequest.h in Headers */ = {isa = PBXBuildFile; fileRef = 36A0AF2823BDD3A50075FC0C /* JCRequest.h */; };
		36A0AF7023BDD3A50075FC0C /* JCResponedObj.m in Sources */ = {isa = PBXBuildFile; fileRef = 36A0AF2923BDD3A50075FC0C /* JCResponedObj.m */; };
		36A0AF7123BDD3A50075FC0C /* JCRequestObj.h in Headers */ = {isa = PBXBuildFile; fileRef = 36A0AF2A23BDD3A50075FC0C /* JCRequestObj.h */; };
		36A0AF7223BDD3A50075FC0C /* JCRequest.m in Sources */ = {isa = PBXBuildFile; fileRef = 36A0AF2B23BDD3A50075FC0C /* JCRequest.m */; };
		36A0AF7323BDD3A50075FC0C /* JCNetworkResponse.h in Headers */ = {isa = PBXBuildFile; fileRef = 36A0AF2D23BDD3A50075FC0C /* JCNetworkResponse.h */; };
		36A0AF7423BDD3A50075FC0C /* JCNetworkDefine.h in Headers */ = {isa = PBXBuildFile; fileRef = 36A0AF2E23BDD3A50075FC0C /* JCNetworkDefine.h */; };
		36A0AF7523BDD3A50075FC0C /* JCNetworkResponse.m in Sources */ = {isa = PBXBuildFile; fileRef = 36A0AF2F23BDD3A50075FC0C /* JCNetworkResponse.m */; };
		36A0AF7623BDD3A50075FC0C /* JCCacheResponedDispatcher.m in Sources */ = {isa = PBXBuildFile; fileRef = 36A0AF3123BDD3A50075FC0C /* JCCacheResponedDispatcher.m */; };
		36A0AF7723BDD3A50075FC0C /* JCRequester.m in Sources */ = {isa = PBXBuildFile; fileRef = 36A0AF3223BDD3A50075FC0C /* JCRequester.m */; };
		36A0AF7823BDD3A50075FC0C /* JCDispatcher.m in Sources */ = {isa = PBXBuildFile; fileRef = 36A0AF3323BDD3A50075FC0C /* JCDispatcher.m */; };
		36A0AF7923BDD3A50075FC0C /* DispatchElement.m in Sources */ = {isa = PBXBuildFile; fileRef = 36A0AF3423BDD3A50075FC0C /* DispatchElement.m */; };
		36A0AF7A23BDD3A50075FC0C /* JCCacheResponedDispatcher.h in Headers */ = {isa = PBXBuildFile; fileRef = 36A0AF3523BDD3A50075FC0C /* JCCacheResponedDispatcher.h */; };
		36A0AF7B23BDD3A50075FC0C /* DispatchElement.h in Headers */ = {isa = PBXBuildFile; fileRef = 36A0AF3623BDD3A50075FC0C /* DispatchElement.h */; };
		36A0AF7C23BDD3A50075FC0C /* JCDispatcher.h in Headers */ = {isa = PBXBuildFile; fileRef = 36A0AF3723BDD3A50075FC0C /* JCDispatcher.h */; };
		36A0AF7D23BDD3A50075FC0C /* JCRequester.h in Headers */ = {isa = PBXBuildFile; fileRef = 36A0AF3823BDD3A50075FC0C /* JCRequester.h */; };
		36A0AF7E23BDD3A50075FC0C /* JCToolKit_Network.h in Headers */ = {isa = PBXBuildFile; fileRef = 36A0AF3923BDD3A50075FC0C /* JCToolKit_Network.h */; };
		36A0AF7F23BDD3A50075FC0C /* JCRequestProxy.h in Headers */ = {isa = PBXBuildFile; fileRef = 36A0AF3B23BDD3A50075FC0C /* JCRequestProxy.h */; };
		36A0AF8023BDD3A50075FC0C /* JCRequestProxy.m in Sources */ = {isa = PBXBuildFile; fileRef = 36A0AF3C23BDD3A50075FC0C /* JCRequestProxy.m */; };
		36A0AF8123BDD3A50075FC0C /* JCRouterParams.h in Headers */ = {isa = PBXBuildFile; fileRef = 36A0AF3E23BDD3A50075FC0C /* JCRouterParams.h */; };
		36A0AF8223BDD3A50075FC0C /* JCRouter.m in Sources */ = {isa = PBXBuildFile; fileRef = 36A0AF3F23BDD3A50075FC0C /* JCRouter.m */; };
		36A0AF8323BDD3A50075FC0C /* JCRouter.h in Headers */ = {isa = PBXBuildFile; fileRef = 36A0AF4023BDD3A50075FC0C /* JCRouter.h */; };
		36A0AF8423BDD3A50075FC0C /* JCRouterParams.m in Sources */ = {isa = PBXBuildFile; fileRef = 36A0AF4123BDD3A50075FC0C /* JCRouterParams.m */; };
		36A0AF8523BDD3A50075FC0C /* JCDefine.h in Headers */ = {isa = PBXBuildFile; fileRef = 36A0AF4323BDD3A50075FC0C /* JCDefine.h */; };
		36A0AF8623BDD3A50075FC0C /* JCDefine.m in Sources */ = {isa = PBXBuildFile; fileRef = 36A0AF4423BDD3A50075FC0C /* JCDefine.m */; };
		36A0AF8723BDD3A50075FC0C /* JCToolKit_Core.h in Headers */ = {isa = PBXBuildFile; fileRef = 36A0AF4623BDD3A50075FC0C /* JCToolKit_Core.h */; };
		36A0AF8823BDD3A50075FC0C /* NSDictionary+JCExtend.h in Headers */ = {isa = PBXBuildFile; fileRef = 36A0AF4823BDD3A50075FC0C /* NSDictionary+JCExtend.h */; };
		36A0AF8923BDD3A50075FC0C /* NSObject+JCExtend.h in Headers */ = {isa = PBXBuildFile; fileRef = 36A0AF4923BDD3A50075FC0C /* NSObject+JCExtend.h */; };
		36A0AF8A23BDD3A50075FC0C /* NSTimer+JCExtend.h in Headers */ = {isa = PBXBuildFile; fileRef = 36A0AF4A23BDD3A50075FC0C /* NSTimer+JCExtend.h */; };
		36A0AF8B23BDD3A60075FC0C /* NSArray+JCExtend.m in Sources */ = {isa = PBXBuildFile; fileRef = 36A0AF4B23BDD3A50075FC0C /* NSArray+JCExtend.m */; };
		36A0AF8C23BDD3A60075FC0C /* NSString+JCExtend.h in Headers */ = {isa = PBXBuildFile; fileRef = 36A0AF4C23BDD3A50075FC0C /* NSString+JCExtend.h */; };
		36A0AF8D23BDD3A60075FC0C /* NSData+JCExtend.h in Headers */ = {isa = PBXBuildFile; fileRef = 36A0AF4D23BDD3A50075FC0C /* NSData+JCExtend.h */; };
		36A0AF8E23BDD3A60075FC0C /* NSTimer+JCExtend.m in Sources */ = {isa = PBXBuildFile; fileRef = 36A0AF4E23BDD3A50075FC0C /* NSTimer+JCExtend.m */; };
		36A0AF8F23BDD3A60075FC0C /* NSObject+JCExtend.m in Sources */ = {isa = PBXBuildFile; fileRef = 36A0AF4F23BDD3A50075FC0C /* NSObject+JCExtend.m */; };
		36A0AF9023BDD3A60075FC0C /* NSDictionary+JCExtend.m in Sources */ = {isa = PBXBuildFile; fileRef = 36A0AF5023BDD3A50075FC0C /* NSDictionary+JCExtend.m */; };
		36A0AF9123BDD3A60075FC0C /* NSArray+JCExtend.h in Headers */ = {isa = PBXBuildFile; fileRef = 36A0AF5123BDD3A50075FC0C /* NSArray+JCExtend.h */; };
		36A0AF9223BDD3A60075FC0C /* NSData+JCExtend.m in Sources */ = {isa = PBXBuildFile; fileRef = 36A0AF5223BDD3A50075FC0C /* NSData+JCExtend.m */; };
		36A0AF9323BDD3A60075FC0C /* NSString+JCExtend.m in Sources */ = {isa = PBXBuildFile; fileRef = 36A0AF5323BDD3A50075FC0C /* NSString+JCExtend.m */; };
		36A0AF9423BDD3A60075FC0C /* CTBlockDescription.m in Sources */ = {isa = PBXBuildFile; fileRef = 36A0AF5523BDD3A50075FC0C /* CTBlockDescription.m */; };
		36A0AF9523BDD3A60075FC0C /* NSObject+JCAOP.h in Headers */ = {isa = PBXBuildFile; fileRef = 36A0AF5623BDD3A50075FC0C /* NSObject+JCAOP.h */; };
		36A0AF9623BDD3A60075FC0C /* JCDeviceInfo.h in Headers */ = {isa = PBXBuildFile; fileRef = 36A0AF5723BDD3A50075FC0C /* JCDeviceInfo.h */; };
		36A0AF9723BDD3A60075FC0C /* CTBlockDescription.h in Headers */ = {isa = PBXBuildFile; fileRef = 36A0AF5823BDD3A50075FC0C /* CTBlockDescription.h */; };
		36A0AF9823BDD3A60075FC0C /* NSObject+JCAOP.m in Sources */ = {isa = PBXBuildFile; fileRef = 36A0AF5923BDD3A50075FC0C /* NSObject+JCAOP.m */; };
		36A0AF9923BDD3A60075FC0C /* JCDeviceInfo.m in Sources */ = {isa = PBXBuildFile; fileRef = 36A0AF5A23BDD3A50075FC0C /* JCDeviceInfo.m */; };
		36A0AF9A23BDD3A60075FC0C /* JCMediatorProtocol.h in Headers */ = {isa = PBXBuildFile; fileRef = 36A0AF5C23BDD3A50075FC0C /* JCMediatorProtocol.h */; };
		36A0AF9B23BDD3A60075FC0C /* JCMediatorProtocol.m in Sources */ = {isa = PBXBuildFile; fileRef = 36A0AF5D23BDD3A50075FC0C /* JCMediatorProtocol.m */; };
		36A0AF9F23BDD5090075FC0C /* JCToolKit.h in Headers */ = {isa = PBXBuildFile; fileRef = 36A0AF9E23BDD5090075FC0C /* JCToolKit.h */; settings = {ATTRIBUTES = (Public, ); }; };
		36A0AFA123BDD5CC0075FC0C /* JCToolKit-prefix.pch in Headers */ = {isa = PBXBuildFile; fileRef = 36A0AFA023BDD5CC0075FC0C /* JCToolKit-prefix.pch */; };
		36A0AFA923BDD6730075FC0C /* SAMKeychain.framework in Frameworks */ = {isa = PBXBuildFile; fileRef = 36A0AFA323BDD6730075FC0C /* SAMKeychain.framework */; platformFilter = ios; };
		36A0AFAB23BDD6730075FC0C /* YYModel.framework in Frameworks */ = {isa = PBXBuildFile; fileRef = 36A0AFA423BDD6730075FC0C /* YYModel.framework */; platformFilter = ios; };
		36A0AFAD23BDD6730075FC0C /* SDWebImage.framework in Frameworks */ = {isa = PBXBuildFile; fileRef = 36A0AFA523BDD6730075FC0C /* SDWebImage.framework */; platformFilter = ios; };
		36A0AFAF23BDD6730075FC0C /* AFNetworking.framework in Frameworks */ = {isa = PBXBuildFile; fileRef = 36A0AFA623BDD6730075FC0C /* AFNetworking.framework */; platformFilter = ios; };
		36A0AFB123BDD6730075FC0C /* YYCache.framework in Frameworks */ = {isa = PBXBuildFile; fileRef = 36A0AFA723BDD6730075FC0C /* YYCache.framework */; platformFilter = ios; };
		36A0AFB323BDD6730075FC0C /* SDWebImageMapKit.framework in Frameworks */ = {isa = PBXBuildFile; fileRef = 36A0AFA823BDD6730075FC0C /* SDWebImageMapKit.framework */; platformFilter = ios; };
		36A0AFB723BDD6B10075FC0C /* UIKit.framework in Frameworks */ = {isa = PBXBuildFile; fileRef = 36A0AFB623BDD6B10075FC0C /* UIKit.framework */; platformFilter = ios; };
		36A0AFB923BDD6C30075FC0C /* ImageIO.framework in Frameworks */ = {isa = PBXBuildFile; fileRef = 36A0AFB823BDD6C30075FC0C /* ImageIO.framework */; platformFilter = ios; };
		36A0AFBB23BDD6CE0075FC0C /* Security.framework in Frameworks */ = {isa = PBXBuildFile; fileRef = 36A0AFBA23BDD6CE0075FC0C /* Security.framework */; platformFilter = ios; };
		36A0AFBD23BDD6DE0075FC0C /* CFNetwork.framework in Frameworks */ = {isa = PBXBuildFile; fileRef = 36A0AFBC23BDD6DE0075FC0C /* CFNetwork.framework */; platformFilter = ios; };
		36A0AFBF23BDD6EB0075FC0C /* SystemConfiguration.framework in Frameworks */ = {isa = PBXBuildFile; fileRef = 36A0AFBE23BDD6EB0075FC0C /* SystemConfiguration.framework */; platformFilter = ios; };
		36A0AFC223BDD7DD0075FC0C /* input.xcfilelist in Resources */ = {isa = PBXBuildFile; fileRef = 36A0AFC123BDD7DD0075FC0C /* input.xcfilelist */; };
		36A0AFC423BDD7FC0075FC0C /* output.xcfilelist in Resources */ = {isa = PBXBuildFile; fileRef = 36A0AFC323BDD7FC0075FC0C /* output.xcfilelist */; };
/* End PBXBuildFile section */

/* Begin PBXFileReference section */
		36A0AF0623BDD3050075FC0C /* JCToolKit.framework */ = {isa = PBXFileReference; explicitFileType = wrapper.framework; includeInIndex = 0; path = JCToolKit.framework; sourceTree = BUILT_PRODUCTS_DIR; };
		36A0AF0A23BDD3050075FC0C /* Info.plist */ = {isa = PBXFileReference; lastKnownFileType = text.plist.xml; path = Info.plist; sourceTree = "<group>"; };
		36A0AF1423BDD3A50075FC0C /* UIScrollView+JCParallaxHeader.m */ = {isa = PBXFileReference; fileEncoding = 4; lastKnownFileType = sourcecode.c.objc; path = "UIScrollView+JCParallaxHeader.m"; sourceTree = "<group>"; };
		36A0AF1523BDD3A50075FC0C /* UIControl+JCExtend.m */ = {isa = PBXFileReference; fileEncoding = 4; lastKnownFileType = sourcecode.c.objc; path = "UIControl+JCExtend.m"; sourceTree = "<group>"; };
		36A0AF1623BDD3A50075FC0C /* UIImage+JCExtend.m */ = {isa = PBXFileReference; fileEncoding = 4; lastKnownFileType = sourcecode.c.objc; path = "UIImage+JCExtend.m"; sourceTree = "<group>"; };
		36A0AF1723BDD3A50075FC0C /* UITabBarItem+JCExtend.m */ = {isa = PBXFileReference; fileEncoding = 4; lastKnownFileType = sourcecode.c.objc; path = "UITabBarItem+JCExtend.m"; sourceTree = "<group>"; };
		36A0AF1823BDD3A50075FC0C /* UIScrollView+JCParallaxHeader.h */ = {isa = PBXFileReference; fileEncoding = 4; lastKnownFileType = sourcecode.c.h; path = "UIScrollView+JCParallaxHeader.h"; sourceTree = "<group>"; };
		36A0AF1923BDD3A50075FC0C /* UIControl+JCExtend.h */ = {isa = PBXFileReference; fileEncoding = 4; lastKnownFileType = sourcecode.c.h; path = "UIControl+JCExtend.h"; sourceTree = "<group>"; };
		36A0AF1A23BDD3A50075FC0C /* UIImage+JCExtend.h */ = {isa = PBXFileReference; fileEncoding = 4; lastKnownFileType = sourcecode.c.h; path = "UIImage+JCExtend.h"; sourceTree = "<group>"; };
		36A0AF1B23BDD3A50075FC0C /* UITabBarItem+JCExtend.h */ = {isa = PBXFileReference; fileEncoding = 4; lastKnownFileType = sourcecode.c.h; path = "UITabBarItem+JCExtend.h"; sourceTree = "<group>"; };
		36A0AF1D23BDD3A50075FC0C /* JCTagCollectionViewCell.m */ = {isa = PBXFileReference; fileEncoding = 4; lastKnownFileType = sourcecode.c.objc; path = JCTagCollectionViewCell.m; sourceTree = "<group>"; };
		36A0AF1E23BDD3A50075FC0C /* JCTagCollectionView.m */ = {isa = PBXFileReference; fileEncoding = 4; lastKnownFileType = sourcecode.c.objc; path = JCTagCollectionView.m; sourceTree = "<group>"; };
		36A0AF1F23BDD3A50075FC0C /* JCCollectionViewFlowLayout.m */ = {isa = PBXFileReference; fileEncoding = 4; lastKnownFileType = sourcecode.c.objc; path = JCCollectionViewFlowLayout.m; sourceTree = "<group>"; };
		36A0AF2023BDD3A50075FC0C /* JCCollectionViewFlowLayout.h */ = {isa = PBXFileReference; fileEncoding = 4; lastKnownFileType = sourcecode.c.h; path = JCCollectionViewFlowLayout.h; sourceTree = "<group>"; };
		36A0AF2123BDD3A50075FC0C /* JCTagCollectionView.h */ = {isa = PBXFileReference; fileEncoding = 4; lastKnownFileType = sourcecode.c.h; path = JCTagCollectionView.h; sourceTree = "<group>"; };
		36A0AF2223BDD3A50075FC0C /* JCTagCollectionViewCell.h */ = {isa = PBXFileReference; fileEncoding = 4; lastKnownFileType = sourcecode.c.h; path = JCTagCollectionViewCell.h; sourceTree = "<group>"; };
		36A0AF2323BDD3A50075FC0C /* JCToolKit_UI.h */ = {isa = PBXFileReference; fileEncoding = 4; lastKnownFileType = sourcecode.c.h; path = JCToolKit_UI.h; sourceTree = "<group>"; };
		36A0AF2623BDD3A50075FC0C /* JCRequestObj.m */ = {isa = PBXFileReference; fileEncoding = 4; lastKnownFileType = sourcecode.c.objc; path = JCRequestObj.m; sourceTree = "<group>"; };
		36A0AF2723BDD3A50075FC0C /* JCResponedObj.h */ = {isa = PBXFileReference; fileEncoding = 4; lastKnownFileType = sourcecode.c.h; path = JCResponedObj.h; sourceTree = "<group>"; };
		36A0AF2823BDD3A50075FC0C /* JCRequest.h */ = {isa = PBXFileReference; fileEncoding = 4; lastKnownFileType = sourcecode.c.h; path = JCRequest.h; sourceTree = "<group>"; };
		36A0AF2923BDD3A50075FC0C /* JCResponedObj.m */ = {isa = PBXFileReference; fileEncoding = 4; lastKnownFileType = sourcecode.c.objc; path = JCResponedObj.m; sourceTree = "<group>"; };
		36A0AF2A23BDD3A50075FC0C /* JCRequestObj.h */ = {isa = PBXFileReference; fileEncoding = 4; lastKnownFileType = sourcecode.c.h; path = JCRequestObj.h; sourceTree = "<group>"; };
		36A0AF2B23BDD3A50075FC0C /* JCRequest.m */ = {isa = PBXFileReference; fileEncoding = 4; lastKnownFileType = sourcecode.c.objc; path = JCRequest.m; sourceTree = "<group>"; };
		36A0AF2D23BDD3A50075FC0C /* JCNetworkResponse.h */ = {isa = PBXFileReference; fileEncoding = 4; lastKnownFileType = sourcecode.c.h; path = JCNetworkResponse.h; sourceTree = "<group>"; };
		36A0AF2E23BDD3A50075FC0C /* JCNetworkDefine.h */ = {isa = PBXFileReference; fileEncoding = 4; lastKnownFileType = sourcecode.c.h; path = JCNetworkDefine.h; sourceTree = "<group>"; };
		36A0AF2F23BDD3A50075FC0C /* JCNetworkResponse.m */ = {isa = PBXFileReference; fileEncoding = 4; lastKnownFileType = sourcecode.c.objc; path = JCNetworkResponse.m; sourceTree = "<group>"; };
		36A0AF3123BDD3A50075FC0C /* JCCacheResponedDispatcher.m */ = {isa = PBXFileReference; fileEncoding = 4; lastKnownFileType = sourcecode.c.objc; path = JCCacheResponedDispatcher.m; sourceTree = "<group>"; };
		36A0AF3223BDD3A50075FC0C /* JCRequester.m */ = {isa = PBXFileReference; fileEncoding = 4; lastKnownFileType = sourcecode.c.objc; path = JCRequester.m; sourceTree = "<group>"; };
		36A0AF3323BDD3A50075FC0C /* JCDispatcher.m */ = {isa = PBXFileReference; fileEncoding = 4; lastKnownFileType = sourcecode.c.objc; path = JCDispatcher.m; sourceTree = "<group>"; };
		36A0AF3423BDD3A50075FC0C /* DispatchElement.m */ = {isa = PBXFileReference; fileEncoding = 4; lastKnownFileType = sourcecode.c.objc; path = DispatchElement.m; sourceTree = "<group>"; };
		36A0AF3523BDD3A50075FC0C /* JCCacheResponedDispatcher.h */ = {isa = PBXFileReference; fileEncoding = 4; lastKnownFileType = sourcecode.c.h; path = JCCacheResponedDispatcher.h; sourceTree = "<group>"; };
		36A0AF3623BDD3A50075FC0C /* DispatchElement.h */ = {isa = PBXFileReference; fileEncoding = 4; lastKnownFileType = sourcecode.c.h; path = DispatchElement.h; sourceTree = "<group>"; };
		36A0AF3723BDD3A50075FC0C /* JCDispatcher.h */ = {isa = PBXFileReference; fileEncoding = 4; lastKnownFileType = sourcecode.c.h; path = JCDispatcher.h; sourceTree = "<group>"; };
		36A0AF3823BDD3A50075FC0C /* JCRequester.h */ = {isa = PBXFileReference; fileEncoding = 4; lastKnownFileType = sourcecode.c.h; path = JCRequester.h; sourceTree = "<group>"; };
		36A0AF3923BDD3A50075FC0C /* JCToolKit_Network.h */ = {isa = PBXFileReference; fileEncoding = 4; lastKnownFileType = sourcecode.c.h; path = JCToolKit_Network.h; sourceTree = "<group>"; };
		36A0AF3B23BDD3A50075FC0C /* JCRequestProxy.h */ = {isa = PBXFileReference; fileEncoding = 4; lastKnownFileType = sourcecode.c.h; path = JCRequestProxy.h; sourceTree = "<group>"; };
		36A0AF3C23BDD3A50075FC0C /* JCRequestProxy.m */ = {isa = PBXFileReference; fileEncoding = 4; lastKnownFileType = sourcecode.c.objc; path = JCRequestProxy.m; sourceTree = "<group>"; };
		36A0AF3E23BDD3A50075FC0C /* JCRouterParams.h */ = {isa = PBXFileReference; fileEncoding = 4; lastKnownFileType = sourcecode.c.h; path = JCRouterParams.h; sourceTree = "<group>"; };
		36A0AF3F23BDD3A50075FC0C /* JCRouter.m */ = {isa = PBXFileReference; fileEncoding = 4; lastKnownFileType = sourcecode.c.objc; path = JCRouter.m; sourceTree = "<group>"; };
		36A0AF4023BDD3A50075FC0C /* JCRouter.h */ = {isa = PBXFileReference; fileEncoding = 4; lastKnownFileType = sourcecode.c.h; path = JCRouter.h; sourceTree = "<group>"; };
		36A0AF4123BDD3A50075FC0C /* JCRouterParams.m */ = {isa = PBXFileReference; fileEncoding = 4; lastKnownFileType = sourcecode.c.objc; path = JCRouterParams.m; sourceTree = "<group>"; };
		36A0AF4323BDD3A50075FC0C /* JCDefine.h */ = {isa = PBXFileReference; fileEncoding = 4; lastKnownFileType = sourcecode.c.h; path = JCDefine.h; sourceTree = "<group>"; };
		36A0AF4423BDD3A50075FC0C /* JCDefine.m */ = {isa = PBXFileReference; fileEncoding = 4; lastKnownFileType = sourcecode.c.objc; path = JCDefine.m; sourceTree = "<group>"; };
		36A0AF4623BDD3A50075FC0C /* JCToolKit_Core.h */ = {isa = PBXFileReference; fileEncoding = 4; lastKnownFileType = sourcecode.c.h; path = JCToolKit_Core.h; sourceTree = "<group>"; };
		36A0AF4823BDD3A50075FC0C /* NSDictionary+JCExtend.h */ = {isa = PBXFileReference; fileEncoding = 4; lastKnownFileType = sourcecode.c.h; path = "NSDictionary+JCExtend.h"; sourceTree = "<group>"; };
		36A0AF4923BDD3A50075FC0C /* NSObject+JCExtend.h */ = {isa = PBXFileReference; fileEncoding = 4; lastKnownFileType = sourcecode.c.h; path = "NSObject+JCExtend.h"; sourceTree = "<group>"; };
		36A0AF4A23BDD3A50075FC0C /* NSTimer+JCExtend.h */ = {isa = PBXFileReference; fileEncoding = 4; lastKnownFileType = sourcecode.c.h; path = "NSTimer+JCExtend.h"; sourceTree = "<group>"; };
		36A0AF4B23BDD3A50075FC0C /* NSArray+JCExtend.m */ = {isa = PBXFileReference; fileEncoding = 4; lastKnownFileType = sourcecode.c.objc; path = "NSArray+JCExtend.m"; sourceTree = "<group>"; };
		36A0AF4C23BDD3A50075FC0C /* NSString+JCExtend.h */ = {isa = PBXFileReference; fileEncoding = 4; lastKnownFileType = sourcecode.c.h; path = "NSString+JCExtend.h"; sourceTree = "<group>"; };
		36A0AF4D23BDD3A50075FC0C /* NSData+JCExtend.h */ = {isa = PBXFileReference; fileEncoding = 4; lastKnownFileType = sourcecode.c.h; path = "NSData+JCExtend.h"; sourceTree = "<group>"; };
		36A0AF4E23BDD3A50075FC0C /* NSTimer+JCExtend.m */ = {isa = PBXFileReference; fileEncoding = 4; lastKnownFileType = sourcecode.c.objc; path = "NSTimer+JCExtend.m"; sourceTree = "<group>"; };
		36A0AF4F23BDD3A50075FC0C /* NSObject+JCExtend.m */ = {isa = PBXFileReference; fileEncoding = 4; lastKnownFileType = sourcecode.c.objc; path = "NSObject+JCExtend.m"; sourceTree = "<group>"; };
		36A0AF5023BDD3A50075FC0C /* NSDictionary+JCExtend.m */ = {isa = PBXFileReference; fileEncoding = 4; lastKnownFileType = sourcecode.c.objc; path = "NSDictionary+JCExtend.m"; sourceTree = "<group>"; };
		36A0AF5123BDD3A50075FC0C /* NSArray+JCExtend.h */ = {isa = PBXFileReference; fileEncoding = 4; lastKnownFileType = sourcecode.c.h; path = "NSArray+JCExtend.h"; sourceTree = "<group>"; };
		36A0AF5223BDD3A50075FC0C /* NSData+JCExtend.m */ = {isa = PBXFileReference; fileEncoding = 4; lastKnownFileType = sourcecode.c.objc; path = "NSData+JCExtend.m"; sourceTree = "<group>"; };
		36A0AF5323BDD3A50075FC0C /* NSString+JCExtend.m */ = {isa = PBXFileReference; fileEncoding = 4; lastKnownFileType = sourcecode.c.objc; path = "NSString+JCExtend.m"; sourceTree = "<group>"; };
		36A0AF5523BDD3A50075FC0C /* CTBlockDescription.m */ = {isa = PBXFileReference; fileEncoding = 4; lastKnownFileType = sourcecode.c.objc; path = CTBlockDescription.m; sourceTree = "<group>"; };
		36A0AF5623BDD3A50075FC0C /* NSObject+JCAOP.h */ = {isa = PBXFileReference; fileEncoding = 4; lastKnownFileType = sourcecode.c.h; path = "NSObject+JCAOP.h"; sourceTree = "<group>"; };
		36A0AF5723BDD3A50075FC0C /* JCDeviceInfo.h */ = {isa = PBXFileReference; fileEncoding = 4; lastKnownFileType = sourcecode.c.h; path = JCDeviceInfo.h; sourceTree = "<group>"; };
		36A0AF5823BDD3A50075FC0C /* CTBlockDescription.h */ = {isa = PBXFileReference; fileEncoding = 4; lastKnownFileType = sourcecode.c.h; path = CTBlockDescription.h; sourceTree = "<group>"; };
		36A0AF5923BDD3A50075FC0C /* NSObject+JCAOP.m */ = {isa = PBXFileReference; fileEncoding = 4; lastKnownFileType = sourcecode.c.objc; path = "NSObject+JCAOP.m"; sourceTree = "<group>"; };
		36A0AF5A23BDD3A50075FC0C /* JCDeviceInfo.m */ = {isa = PBXFileReference; fileEncoding = 4; lastKnownFileType = sourcecode.c.objc; path = JCDeviceInfo.m; sourceTree = "<group>"; };
		36A0AF5C23BDD3A50075FC0C /* JCMediatorProtocol.h */ = {isa = PBXFileReference; fileEncoding = 4; lastKnownFileType = sourcecode.c.h; path = JCMediatorProtocol.h; sourceTree = "<group>"; };
		36A0AF5D23BDD3A50075FC0C /* JCMediatorProtocol.m */ = {isa = PBXFileReference; fileEncoding = 4; lastKnownFileType = sourcecode.c.objc; path = JCMediatorProtocol.m; sourceTree = "<group>"; };
		36A0AF9E23BDD5090075FC0C /* JCToolKit.h */ = {isa = PBXFileReference; fileEncoding = 4; lastKnownFileType = sourcecode.c.h; name = JCToolKit.h; path = "JCToolKit-iOS/JCToolKit.h"; sourceTree = SOURCE_ROOT; };
		36A0AFA023BDD5CC0075FC0C /* JCToolKit-prefix.pch */ = {isa = PBXFileReference; fileEncoding = 4; lastKnownFileType = sourcecode.c.h; path = "JCToolKit-prefix.pch"; sourceTree = "<group>"; };
		36A0AFA323BDD6730075FC0C /* SAMKeychain.framework */ = {isa = PBXFileReference; lastKnownFileType = wrapper.framework; name = SAMKeychain.framework; path = Carthage/Build/iOS/SAMKeychain.framework; sourceTree = "<group>"; };
		36A0AFA423BDD6730075FC0C /* YYModel.framework */ = {isa = PBXFileReference; lastKnownFileType = wrapper.framework; name = YYModel.framework; path = Carthage/Build/iOS/YYModel.framework; sourceTree = "<group>"; };
		36A0AFA523BDD6730075FC0C /* SDWebImage.framework */ = {isa = PBXFileReference; lastKnownFileType = wrapper.framework; name = SDWebImage.framework; path = Carthage/Build/iOS/SDWebImage.framework; sourceTree = "<group>"; };
		36A0AFA623BDD6730075FC0C /* AFNetworking.framework */ = {isa = PBXFileReference; lastKnownFileType = wrapper.framework; name = AFNetworking.framework; path = Carthage/Build/iOS/AFNetworking.framework; sourceTree = "<group>"; };
		36A0AFA723BDD6730075FC0C /* YYCache.framework */ = {isa = PBXFileReference; lastKnownFileType = wrapper.framework; name = YYCache.framework; path = Carthage/Build/iOS/YYCache.framework; sourceTree = "<group>"; };
		36A0AFA823BDD6730075FC0C /* SDWebImageMapKit.framework */ = {isa = PBXFileReference; lastKnownFileType = wrapper.framework; name = SDWebImageMapKit.framework; path = Carthage/Build/iOS/SDWebImageMapKit.framework; sourceTree = "<group>"; };
		36A0AFB623BDD6B10075FC0C /* UIKit.framework */ = {isa = PBXFileReference; lastKnownFileType = wrapper.framework; name = UIKit.framework; path = System/Library/Frameworks/UIKit.framework; sourceTree = SDKROOT; };
		36A0AFB823BDD6C30075FC0C /* ImageIO.framework */ = {isa = PBXFileReference; lastKnownFileType = wrapper.framework; name = ImageIO.framework; path = Platforms/MacOSX.platform/Developer/SDKs/MacOSX10.15.sdk/System/Library/Frameworks/ImageIO.framework; sourceTree = DEVELOPER_DIR; };
		36A0AFBA23BDD6CE0075FC0C /* Security.framework */ = {isa = PBXFileReference; lastKnownFileType = wrapper.framework; name = Security.framework; path = Platforms/MacOSX.platform/Developer/SDKs/MacOSX10.15.sdk/System/Library/Frameworks/Security.framework; sourceTree = DEVELOPER_DIR; };
		36A0AFBC23BDD6DE0075FC0C /* CFNetwork.framework */ = {isa = PBXFileReference; lastKnownFileType = wrapper.framework; name = CFNetwork.framework; path = Platforms/MacOSX.platform/Developer/SDKs/MacOSX10.15.sdk/System/Library/Frameworks/CFNetwork.framework; sourceTree = DEVELOPER_DIR; };
		36A0AFBE23BDD6EB0075FC0C /* SystemConfiguration.framework */ = {isa = PBXFileReference; lastKnownFileType = wrapper.framework; name = SystemConfiguration.framework; path = Platforms/MacOSX.platform/Developer/SDKs/MacOSX10.15.sdk/System/Library/Frameworks/SystemConfiguration.framework; sourceTree = DEVELOPER_DIR; };
		36A0AFC123BDD7DD0075FC0C /* input.xcfilelist */ = {isa = PBXFileReference; lastKnownFileType = text.xcfilelist; path = input.xcfilelist; sourceTree = "<group>"; };
		36A0AFC323BDD7FC0075FC0C /* output.xcfilelist */ = {isa = PBXFileReference; lastKnownFileType = text.xcfilelist; path = output.xcfilelist; sourceTree = "<group>"; };
/* End PBXFileReference section */

/* Begin PBXFrameworksBuildPhase section */
		36A0AF0323BDD3050075FC0C /* Frameworks */ = {
			isa = PBXFrameworksBuildPhase;
			buildActionMask = 2147483647;
			files = (
				36A0AFB923BDD6C30075FC0C /* ImageIO.framework in Frameworks */,
				36A0AFAB23BDD6730075FC0C /* YYModel.framework in Frameworks */,
				36A0AFAF23BDD6730075FC0C /* AFNetworking.framework in Frameworks */,
				36A0AFAD23BDD6730075FC0C /* SDWebImage.framework in Frameworks */,
				36A0AFBD23BDD6DE0075FC0C /* CFNetwork.framework in Frameworks */,
				36A0AFB123BDD6730075FC0C /* YYCache.framework in Frameworks */,
				36A0AFBF23BDD6EB0075FC0C /* SystemConfiguration.framework in Frameworks */,
				36A0AFB323BDD6730075FC0C /* SDWebImageMapKit.framework in Frameworks */,
				36A0AFB723BDD6B10075FC0C /* UIKit.framework in Frameworks */,
				36A0AFBB23BDD6CE0075FC0C /* Security.framework in Frameworks */,
				36A0AFA923BDD6730075FC0C /* SAMKeychain.framework in Frameworks */,
			);
			runOnlyForDeploymentPostprocessing = 0;
		};
/* End PBXFrameworksBuildPhase section */

/* Begin PBXGroup section */
		36A0AEFC23BDD3050075FC0C = {
			isa = PBXGroup;
			children = (
				36A0AF0823BDD3050075FC0C /* JCToolKit-iOS */,
				36A0AF0723BDD3050075FC0C /* Products */,
				36A0AFA223BDD6730075FC0C /* Frameworks */,
			);
			sourceTree = "<group>";
		};
		36A0AF0723BDD3050075FC0C /* Products */ = {
			isa = PBXGroup;
			children = (
				36A0AF0623BDD3050075FC0C /* JCToolKit.framework */,
			);
			name = Products;
			sourceTree = "<group>";
		};
		36A0AF0823BDD3050075FC0C /* JCToolKit-iOS */ = {
			isa = PBXGroup;
			children = (
				36A0AF1123BDD37B0075FC0C /* JCToolKit */,
				36A0AFC123BDD7DD0075FC0C /* input.xcfilelist */,
				36A0AFC323BDD7FC0075FC0C /* output.xcfilelist */,
				36A0AFA023BDD5CC0075FC0C /* JCToolKit-prefix.pch */,
				36A0AF0A23BDD3050075FC0C /* Info.plist */,
			);
			path = "JCToolKit-iOS";
			sourceTree = "<group>";
		};
		36A0AF1123BDD37B0075FC0C /* JCToolKit */ = {
			isa = PBXGroup;
			children = (
				36A0AF9E23BDD5090075FC0C /* JCToolKit.h */,
				36A0AF4223BDD3A50075FC0C /* JCDefine */,
				36A0AF4523BDD3A50075FC0C /* JCCore */,
				36A0AF5B23BDD3A50075FC0C /* JCMediatorProtocol */,
				36A0AF2423BDD3A50075FC0C /* JCNetwork */,
				36A0AF3D23BDD3A50075FC0C /* JCRouter */,
				36A0AF1223BDD3A50075FC0C /* JCUI */,
			);
			name = JCToolKit;
			sourceTree = "<group>";
		};
		36A0AF1223BDD3A50075FC0C /* JCUI */ = {
			isa = PBXGroup;
			children = (
				36A0AF1323BDD3A50075FC0C /* Category */,
				36A0AF1C23BDD3A50075FC0C /* JCTagCollectionView */,
				36A0AF2323BDD3A50075FC0C /* JCToolKit_UI.h */,
			);
			name = JCUI;
			path = JCToolKit/Classes/JCUI;
			sourceTree = SOURCE_ROOT;
		};
		36A0AF1323BDD3A50075FC0C /* Category */ = {
			isa = PBXGroup;
			children = (
				36A0AF1423BDD3A50075FC0C /* UIScrollView+JCParallaxHeader.m */,
				36A0AF1523BDD3A50075FC0C /* UIControl+JCExtend.m */,
				36A0AF1623BDD3A50075FC0C /* UIImage+JCExtend.m */,
				36A0AF1723BDD3A50075FC0C /* UITabBarItem+JCExtend.m */,
				36A0AF1823BDD3A50075FC0C /* UIScrollView+JCParallaxHeader.h */,
				36A0AF1923BDD3A50075FC0C /* UIControl+JCExtend.h */,
				36A0AF1A23BDD3A50075FC0C /* UIImage+JCExtend.h */,
				36A0AF1B23BDD3A50075FC0C /* UITabBarItem+JCExtend.h */,
			);
			path = Category;
			sourceTree = "<group>";
		};
		36A0AF1C23BDD3A50075FC0C /* JCTagCollectionView */ = {
			isa = PBXGroup;
			children = (
				36A0AF1D23BDD3A50075FC0C /* JCTagCollectionViewCell.m */,
				36A0AF1E23BDD3A50075FC0C /* JCTagCollectionView.m */,
				36A0AF1F23BDD3A50075FC0C /* JCCollectionViewFlowLayout.m */,
				36A0AF2023BDD3A50075FC0C /* JCCollectionViewFlowLayout.h */,
				36A0AF2123BDD3A50075FC0C /* JCTagCollectionView.h */,
				36A0AF2223BDD3A50075FC0C /* JCTagCollectionViewCell.h */,
			);
			path = JCTagCollectionView;
			sourceTree = "<group>";
		};
		36A0AF2423BDD3A50075FC0C /* JCNetwork */ = {
			isa = PBXGroup;
			children = (
				36A0AF2523BDD3A50075FC0C /* Products */,
				36A0AF2C23BDD3A50075FC0C /* Define */,
				36A0AF3023BDD3A50075FC0C /* Handle */,
				36A0AF3923BDD3A50075FC0C /* JCToolKit_Network.h */,
				36A0AF3A23BDD3A50075FC0C /* Service */,
			);
			name = JCNetwork;
			path = JCToolKit/Classes/JCNetwork;
			sourceTree = SOURCE_ROOT;
		};
		36A0AF2523BDD3A50075FC0C /* Products */ = {
			isa = PBXGroup;
			children = (
				36A0AF2623BDD3A50075FC0C /* JCRequestObj.m */,
				36A0AF2723BDD3A50075FC0C /* JCResponedObj.h */,
				36A0AF2823BDD3A50075FC0C /* JCRequest.h */,
				36A0AF2923BDD3A50075FC0C /* JCResponedObj.m */,
				36A0AF2A23BDD3A50075FC0C /* JCRequestObj.h */,
				36A0AF2B23BDD3A50075FC0C /* JCRequest.m */,
			);
			path = Products;
			sourceTree = "<group>";
		};
		36A0AF2C23BDD3A50075FC0C /* Define */ = {
			isa = PBXGroup;
			children = (
				36A0AF2D23BDD3A50075FC0C /* JCNetworkResponse.h */,
				36A0AF2E23BDD3A50075FC0C /* JCNetworkDefine.h */,
				36A0AF2F23BDD3A50075FC0C /* JCNetworkResponse.m */,
			);
			path = Define;
			sourceTree = "<group>";
		};
		36A0AF3023BDD3A50075FC0C /* Handle */ = {
			isa = PBXGroup;
			children = (
				36A0AF3123BDD3A50075FC0C /* JCCacheResponedDispatcher.m */,
				36A0AF3223BDD3A50075FC0C /* JCRequester.m */,
				36A0AF3323BDD3A50075FC0C /* JCDispatcher.m */,
				36A0AF3423BDD3A50075FC0C /* DispatchElement.m */,
				36A0AF3523BDD3A50075FC0C /* JCCacheResponedDispatcher.h */,
				36A0AF3623BDD3A50075FC0C /* DispatchElement.h */,
				36A0AF3723BDD3A50075FC0C /* JCDispatcher.h */,
				36A0AF3823BDD3A50075FC0C /* JCRequester.h */,
			);
			path = Handle;
			sourceTree = "<group>";
		};
		36A0AF3A23BDD3A50075FC0C /* Service */ = {
			isa = PBXGroup;
			children = (
				36A0AF3B23BDD3A50075FC0C /* JCRequestProxy.h */,
				36A0AF3C23BDD3A50075FC0C /* JCRequestProxy.m */,
			);
			path = Service;
			sourceTree = "<group>";
		};
		36A0AF3D23BDD3A50075FC0C /* JCRouter */ = {
			isa = PBXGroup;
			children = (
				36A0AF3E23BDD3A50075FC0C /* JCRouterParams.h */,
				36A0AF3F23BDD3A50075FC0C /* JCRouter.m */,
				36A0AF4023BDD3A50075FC0C /* JCRouter.h */,
				36A0AF4123BDD3A50075FC0C /* JCRouterParams.m */,
			);
			name = JCRouter;
			path = JCToolKit/Classes/JCRouter;
			sourceTree = SOURCE_ROOT;
		};
		36A0AF4223BDD3A50075FC0C /* JCDefine */ = {
			isa = PBXGroup;
			children = (
				36A0AF4323BDD3A50075FC0C /* JCDefine.h */,
				36A0AF4423BDD3A50075FC0C /* JCDefine.m */,
			);
			name = JCDefine;
			path = JCToolKit/Classes/JCDefine;
			sourceTree = SOURCE_ROOT;
		};
		36A0AF4523BDD3A50075FC0C /* JCCore */ = {
			isa = PBXGroup;
			children = (
				36A0AF4623BDD3A50075FC0C /* JCToolKit_Core.h */,
				36A0AF4723BDD3A50075FC0C /* Category */,
				36A0AF5423BDD3A50075FC0C /* ExtendClasses */,
			);
			name = JCCore;
			path = JCToolKit/Classes/JCCore;
			sourceTree = SOURCE_ROOT;
		};
		36A0AF4723BDD3A50075FC0C /* Category */ = {
			isa = PBXGroup;
			children = (
				36A0AF4823BDD3A50075FC0C /* NSDictionary+JCExtend.h */,
				36A0AF4923BDD3A50075FC0C /* NSObject+JCExtend.h */,
				36A0AF4A23BDD3A50075FC0C /* NSTimer+JCExtend.h */,
				36A0AF4B23BDD3A50075FC0C /* NSArray+JCExtend.m */,
				36A0AF4C23BDD3A50075FC0C /* NSString+JCExtend.h */,
				36A0AF4D23BDD3A50075FC0C /* NSData+JCExtend.h */,
				36A0AF4E23BDD3A50075FC0C /* NSTimer+JCExtend.m */,
				36A0AF4F23BDD3A50075FC0C /* NSObject+JCExtend.m */,
				36A0AF5023BDD3A50075FC0C /* NSDictionary+JCExtend.m */,
				36A0AF5123BDD3A50075FC0C /* NSArray+JCExtend.h */,
				36A0AF5223BDD3A50075FC0C /* NSData+JCExtend.m */,
				36A0AF5323BDD3A50075FC0C /* NSString+JCExtend.m */,
			);
			path = Category;
			sourceTree = "<group>";
		};
		36A0AF5423BDD3A50075FC0C /* ExtendClasses */ = {
			isa = PBXGroup;
			children = (
				36A0AF5523BDD3A50075FC0C /* CTBlockDescription.m */,
				36A0AF5623BDD3A50075FC0C /* NSObject+JCAOP.h */,
				36A0AF5723BDD3A50075FC0C /* JCDeviceInfo.h */,
				36A0AF5823BDD3A50075FC0C /* CTBlockDescription.h */,
				36A0AF5923BDD3A50075FC0C /* NSObject+JCAOP.m */,
				36A0AF5A23BDD3A50075FC0C /* JCDeviceInfo.m */,
			);
			path = ExtendClasses;
			sourceTree = "<group>";
		};
		36A0AF5B23BDD3A50075FC0C /* JCMediatorProtocol */ = {
			isa = PBXGroup;
			children = (
				36A0AF5C23BDD3A50075FC0C /* JCMediatorProtocol.h */,
				36A0AF5D23BDD3A50075FC0C /* JCMediatorProtocol.m */,
			);
			name = JCMediatorProtocol;
			path = JCToolKit/Classes/JCMediatorProtocol;
			sourceTree = SOURCE_ROOT;
		};
		36A0AFA223BDD6730075FC0C /* Frameworks */ = {
			isa = PBXGroup;
			children = (
				36A0AFBE23BDD6EB0075FC0C /* SystemConfiguration.framework */,
				36A0AFBC23BDD6DE0075FC0C /* CFNetwork.framework */,
				36A0AFBA23BDD6CE0075FC0C /* Security.framework */,
				36A0AFB823BDD6C30075FC0C /* ImageIO.framework */,
				36A0AFB623BDD6B10075FC0C /* UIKit.framework */,
				36A0AFA623BDD6730075FC0C /* AFNetworking.framework */,
				36A0AFA323BDD6730075FC0C /* SAMKeychain.framework */,
				36A0AFA523BDD6730075FC0C /* SDWebImage.framework */,
				36A0AFA823BDD6730075FC0C /* SDWebImageMapKit.framework */,
				36A0AFA723BDD6730075FC0C /* YYCache.framework */,
				36A0AFA423BDD6730075FC0C /* YYModel.framework */,
			);
			name = Frameworks;
			sourceTree = "<group>";
		};
/* End PBXGroup section */

/* Begin PBXHeadersBuildPhase section */
		36A0AF0123BDD3050075FC0C /* Headers */ = {
			isa = PBXHeadersBuildPhase;
			buildActionMask = 2147483647;
			files = (
				36A0AF9F23BDD5090075FC0C /* JCToolKit.h in Headers */,
				36A0AF6923BDD3A50075FC0C /* JCCollectionViewFlowLayout.h in Headers */,
				36A0AF7E23BDD3A50075FC0C /* JCToolKit_Network.h in Headers */,
				36A0AF8D23BDD3A60075FC0C /* NSData+JCExtend.h in Headers */,
				36A0AF7B23BDD3A50075FC0C /* DispatchElement.h in Headers */,
				36A0AF7D23BDD3A50075FC0C /* JCRequester.h in Headers */,
				36A0AF9723BDD3A60075FC0C /* CTBlockDescription.h in Headers */,
				36A0AF9523BDD3A60075FC0C /* NSObject+JCAOP.h in Headers */,
				36A0AF6523BDD3A50075FC0C /* UITabBarItem+JCExtend.h in Headers */,
				36A0AF7F23BDD3A50075FC0C /* JCRequestProxy.h in Headers */,
				36A0AF8523BDD3A50075FC0C /* JCDefine.h in Headers */,
				36A0AF6A23BDD3A50075FC0C /* JCTagCollectionView.h in Headers */,
				36A0AF8823BDD3A50075FC0C /* NSDictionary+JCExtend.h in Headers */,
				36A0AF6C23BDD3A50075FC0C /* JCToolKit_UI.h in Headers */,
				36A0AF9623BDD3A60075FC0C /* JCDeviceInfo.h in Headers */,
				36A0AF7C23BDD3A50075FC0C /* JCDispatcher.h in Headers */,
				36A0AF7323BDD3A50075FC0C /* JCNetworkResponse.h in Headers */,
				36A0AF9123BDD3A60075FC0C /* NSArray+JCExtend.h in Headers */,
				36A0AF8C23BDD3A60075FC0C /* NSString+JCExtend.h in Headers */,
				36A0AF8A23BDD3A50075FC0C /* NSTimer+JCExtend.h in Headers */,
				36A0AF8923BDD3A50075FC0C /* NSObject+JCExtend.h in Headers */,
				36A0AF6423BDD3A50075FC0C /* UIImage+JCExtend.h in Headers */,
				36A0AF8123BDD3A50075FC0C /* JCRouterParams.h in Headers */,
				36A0AF6223BDD3A50075FC0C /* UIScrollView+JCParallaxHeader.h in Headers */,
				36A0AF8323BDD3A50075FC0C /* JCRouter.h in Headers */,
				36A0AF6F23BDD3A50075FC0C /* JCRequest.h in Headers */,
				36A0AF8723BDD3A50075FC0C /* JCToolKit_Core.h in Headers */,
				36A0AF6E23BDD3A50075FC0C /* JCResponedObj.h in Headers */,
				36A0AF7123BDD3A50075FC0C /* JCRequestObj.h in Headers */,
				36A0AF6323BDD3A50075FC0C /* UIControl+JCExtend.h in Headers */,
				36A0AFA123BDD5CC0075FC0C /* JCToolKit-prefix.pch in Headers */,
				36A0AF9A23BDD3A60075FC0C /* JCMediatorProtocol.h in Headers */,
				36A0AF6B23BDD3A50075FC0C /* JCTagCollectionViewCell.h in Headers */,
				36A0AF7423BDD3A50075FC0C /* JCNetworkDefine.h in Headers */,
				36A0AF7A23BDD3A50075FC0C /* JCCacheResponedDispatcher.h in Headers */,
			);
			runOnlyForDeploymentPostprocessing = 0;
		};
/* End PBXHeadersBuildPhase section */

/* Begin PBXNativeTarget section */
		36A0AF0523BDD3050075FC0C /* JCToolKit */ = {
			isa = PBXNativeTarget;
			buildConfigurationList = 36A0AF0E23BDD3050075FC0C /* Build configuration list for PBXNativeTarget "JCToolKit" */;
			buildPhases = (
				36A0AF0123BDD3050075FC0C /* Headers */,
				36A0AF0223BDD3050075FC0C /* Sources */,
				36A0AF0323BDD3050075FC0C /* Frameworks */,
				36A0AF0423BDD3050075FC0C /* Resources */,
				36A0AFC023BDD7160075FC0C /* ShellScript */,
			);
			buildRules = (
			);
			dependencies = (
			);
			name = JCToolKit;
			productName = "JCToolKit-iOS";
			productReference = 36A0AF0623BDD3050075FC0C /* JCToolKit.framework */;
			productType = "com.apple.product-type.framework";
		};
/* End PBXNativeTarget section */

/* Begin PBXProject section */
		36A0AEFD23BDD3050075FC0C /* Project object */ = {
			isa = PBXProject;
			attributes = {
				LastUpgradeCheck = 1120;
				ORGANIZATIONNAME = "Jam Jia";
				TargetAttributes = {
					36A0AF0523BDD3050075FC0C = {
						CreatedOnToolsVersion = 11.2;
					};
				};
			};
			buildConfigurationList = 36A0AF0023BDD3050075FC0C /* Build configuration list for PBXProject "JCToolKit-iOS" */;
			compatibilityVersion = "Xcode 9.3";
			developmentRegion = en;
			hasScannedForEncodings = 0;
			knownRegions = (
				en,
				Base,
			);
			mainGroup = 36A0AEFC23BDD3050075FC0C;
			productRefGroup = 36A0AF0723BDD3050075FC0C /* Products */;
			projectDirPath = "";
			projectRoot = "";
			targets = (
				36A0AF0523BDD3050075FC0C /* JCToolKit */,
			);
		};
/* End PBXProject section */

/* Begin PBXResourcesBuildPhase section */
		36A0AF0423BDD3050075FC0C /* Resources */ = {
			isa = PBXResourcesBuildPhase;
			buildActionMask = 2147483647;
			files = (
				36A0AFC223BDD7DD0075FC0C /* input.xcfilelist in Resources */,
				36A0AFC423BDD7FC0075FC0C /* output.xcfilelist in Resources */,
			);
			runOnlyForDeploymentPostprocessing = 0;
		};
/* End PBXResourcesBuildPhase section */

/* Begin PBXShellScriptBuildPhase section */
		36A0AFC023BDD7160075FC0C /* ShellScript */ = {
			isa = PBXShellScriptBuildPhase;
			buildActionMask = 2147483647;
			files = (
			);
			inputFileListPaths = (
				"$(SRCROOT)/JCToolKit-iOS/Input.xcfilelist",
			);
			inputPaths = (
			);
			outputFileListPaths = (
				"$(SRCROOT)/JCToolKit-iOS/output.xcfilelist",
			);
			outputPaths = (
			);
			runOnlyForDeploymentPostprocessing = 0;
			shellPath = /bin/sh;
			shellScript = "# Type a script or drag a script file from your workspace to insert its path.\n/usr/local/bin/carthage copy-frameworks\n";
		};
/* End PBXShellScriptBuildPhase section */

/* Begin PBXSourcesBuildPhase section */
		36A0AF0223BDD3050075FC0C /* Sources */ = {
			isa = PBXSourcesBuildPhase;
			buildActionMask = 2147483647;
			files = (
				36A0AF9023BDD3A60075FC0C /* NSDictionary+JCExtend.m in Sources */,
				36A0AF7723BDD3A50075FC0C /* JCRequester.m in Sources */,
				36A0AF8423BDD3A50075FC0C /* JCRouterParams.m in Sources */,
				36A0AF8E23BDD3A60075FC0C /* NSTimer+JCExtend.m in Sources */,
				36A0AF6723BDD3A50075FC0C /* JCTagCollectionView.m in Sources */,
				36A0AF9B23BDD3A60075FC0C /* JCMediatorProtocol.m in Sources */,
				36A0AF8F23BDD3A60075FC0C /* NSObject+JCExtend.m in Sources */,
				36A0AF9923BDD3A60075FC0C /* JCDeviceInfo.m in Sources */,
				36A0AF5F23BDD3A50075FC0C /* UIControl+JCExtend.m in Sources */,
				36A0AF8023BDD3A50075FC0C /* JCRequestProxy.m in Sources */,
				36A0AF8223BDD3A50075FC0C /* JCRouter.m in Sources */,
				36A0AF9823BDD3A60075FC0C /* NSObject+JCAOP.m in Sources */,
				36A0AF7623BDD3A50075FC0C /* JCCacheResponedDispatcher.m in Sources */,
				36A0AF6D23BDD3A50075FC0C /* JCRequestObj.m in Sources */,
				36A0AF6823BDD3A50075FC0C /* JCCollectionViewFlowLayout.m in Sources */,
				36A0AF8B23BDD3A60075FC0C /* NSArray+JCExtend.m in Sources */,
				36A0AF9423BDD3A60075FC0C /* CTBlockDescription.m in Sources */,
				36A0AF6023BDD3A50075FC0C /* UIImage+JCExtend.m in Sources */,
				36A0AF7023BDD3A50075FC0C /* JCResponedObj.m in Sources */,
				36A0AF9223BDD3A60075FC0C /* NSData+JCExtend.m in Sources */,
				36A0AF7523BDD3A50075FC0C /* JCNetworkResponse.m in Sources */,
				36A0AF8623BDD3A50075FC0C /* JCDefine.m in Sources */,
				36A0AF7823BDD3A50075FC0C /* JCDispatcher.m in Sources */,
				36A0AF5E23BDD3A50075FC0C /* UIScrollView+JCParallaxHeader.m in Sources */,
				36A0AF6623BDD3A50075FC0C /* JCTagCollectionViewCell.m in Sources */,
				36A0AF7923BDD3A50075FC0C /* DispatchElement.m in Sources */,
				36A0AF9323BDD3A60075FC0C /* NSString+JCExtend.m in Sources */,
				36A0AF7223BDD3A50075FC0C /* JCRequest.m in Sources */,
				36A0AF6123BDD3A50075FC0C /* UITabBarItem+JCExtend.m in Sources */,
			);
			runOnlyForDeploymentPostprocessing = 0;
		};
/* End PBXSourcesBuildPhase section */

/* Begin XCBuildConfiguration section */
		36A0AF0C23BDD3050075FC0C /* Debug */ = {
			isa = XCBuildConfiguration;
			buildSettings = {
				ALWAYS_SEARCH_USER_PATHS = NO;
				CLANG_ANALYZER_NONNULL = YES;
				CLANG_ANALYZER_NUMBER_OBJECT_CONVERSION = YES_AGGRESSIVE;
				CLANG_CXX_LANGUAGE_STANDARD = "gnu++14";
				CLANG_CXX_LIBRARY = "libc++";
				CLANG_ENABLE_MODULES = YES;
				CLANG_ENABLE_OBJC_ARC = YES;
				CLANG_ENABLE_OBJC_WEAK = YES;
				CLANG_WARN_BLOCK_CAPTURE_AUTORELEASING = YES;
				CLANG_WARN_BOOL_CONVERSION = YES;
				CLANG_WARN_COMMA = YES;
				CLANG_WARN_CONSTANT_CONVERSION = YES;
				CLANG_WARN_DEPRECATED_OBJC_IMPLEMENTATIONS = YES;
				CLANG_WARN_DIRECT_OBJC_ISA_USAGE = YES_ERROR;
				CLANG_WARN_DOCUMENTATION_COMMENTS = YES;
				CLANG_WARN_EMPTY_BODY = YES;
				CLANG_WARN_ENUM_CONVERSION = YES;
				CLANG_WARN_INFINITE_RECURSION = YES;
				CLANG_WARN_INT_CONVERSION = YES;
				CLANG_WARN_NON_LITERAL_NULL_CONVERSION = YES;
				CLANG_WARN_OBJC_IMPLICIT_RETAIN_SELF = YES;
				CLANG_WARN_OBJC_LITERAL_CONVERSION = YES;
				CLANG_WARN_OBJC_ROOT_CLASS = YES_ERROR;
				CLANG_WARN_RANGE_LOOP_ANALYSIS = YES;
				CLANG_WARN_STRICT_PROTOTYPES = YES;
				CLANG_WARN_SUSPICIOUS_MOVE = YES;
				CLANG_WARN_UNGUARDED_AVAILABILITY = YES_AGGRESSIVE;
				CLANG_WARN_UNREACHABLE_CODE = YES;
				CLANG_WARN__DUPLICATE_METHOD_MATCH = YES;
				COPY_PHASE_STRIP = NO;
				CURRENT_PROJECT_VERSION = 1;
				DEBUG_INFORMATION_FORMAT = dwarf;
				ENABLE_STRICT_OBJC_MSGSEND = YES;
				ENABLE_TESTABILITY = YES;
				GCC_C_LANGUAGE_STANDARD = gnu11;
				GCC_DYNAMIC_NO_PIC = NO;
				GCC_NO_COMMON_BLOCKS = YES;
				GCC_OPTIMIZATION_LEVEL = 0;
				GCC_PREFIX_HEADER = "";
				GCC_PREPROCESSOR_DEFINITIONS = (
					"DEBUG=1",
					"$(inherited)",
				);
				GCC_WARN_64_TO_32_BIT_CONVERSION = YES;
				GCC_WARN_ABOUT_RETURN_TYPE = YES_ERROR;
				GCC_WARN_UNDECLARED_SELECTOR = YES;
				GCC_WARN_UNINITIALIZED_AUTOS = YES_AGGRESSIVE;
				GCC_WARN_UNUSED_FUNCTION = YES;
				GCC_WARN_UNUSED_VARIABLE = YES;
				IPHONEOS_DEPLOYMENT_TARGET = 8.0;
				MTL_ENABLE_DEBUG_INFO = INCLUDE_SOURCE;
				MTL_FAST_MATH = YES;
				ONLY_ACTIVE_ARCH = YES;
				SDKROOT = iphoneos;
				VERSIONING_SYSTEM = "apple-generic";
				VERSION_INFO_PREFIX = "";
			};
			name = Debug;
		};
		36A0AF0D23BDD3050075FC0C /* Release */ = {
			isa = XCBuildConfiguration;
			buildSettings = {
				ALWAYS_SEARCH_USER_PATHS = NO;
				CLANG_ANALYZER_NONNULL = YES;
				CLANG_ANALYZER_NUMBER_OBJECT_CONVERSION = YES_AGGRESSIVE;
				CLANG_CXX_LANGUAGE_STANDARD = "gnu++14";
				CLANG_CXX_LIBRARY = "libc++";
				CLANG_ENABLE_MODULES = YES;
				CLANG_ENABLE_OBJC_ARC = YES;
				CLANG_ENABLE_OBJC_WEAK = YES;
				CLANG_WARN_BLOCK_CAPTURE_AUTORELEASING = YES;
				CLANG_WARN_BOOL_CONVERSION = YES;
				CLANG_WARN_COMMA = YES;
				CLANG_WARN_CONSTANT_CONVERSION = YES;
				CLANG_WARN_DEPRECATED_OBJC_IMPLEMENTATIONS = YES;
				CLANG_WARN_DIRECT_OBJC_ISA_USAGE = YES_ERROR;
				CLANG_WARN_DOCUMENTATION_COMMENTS = YES;
				CLANG_WARN_EMPTY_BODY = YES;
				CLANG_WARN_ENUM_CONVERSION = YES;
				CLANG_WARN_INFINITE_RECURSION = YES;
				CLANG_WARN_INT_CONVERSION = YES;
				CLANG_WARN_NON_LITERAL_NULL_CONVERSION = YES;
				CLANG_WARN_OBJC_IMPLICIT_RETAIN_SELF = YES;
				CLANG_WARN_OBJC_LITERAL_CONVERSION = YES;
				CLANG_WARN_OBJC_ROOT_CLASS = YES_ERROR;
				CLANG_WARN_RANGE_LOOP_ANALYSIS = YES;
				CLANG_WARN_STRICT_PROTOTYPES = YES;
				CLANG_WARN_SUSPICIOUS_MOVE = YES;
				CLANG_WARN_UNGUARDED_AVAILABILITY = YES_AGGRESSIVE;
				CLANG_WARN_UNREACHABLE_CODE = YES;
				CLANG_WARN__DUPLICATE_METHOD_MATCH = YES;
				COPY_PHASE_STRIP = NO;
				CURRENT_PROJECT_VERSION = 1;
				DEBUG_INFORMATION_FORMAT = "dwarf-with-dsym";
				ENABLE_NS_ASSERTIONS = NO;
				ENABLE_STRICT_OBJC_MSGSEND = YES;
				GCC_C_LANGUAGE_STANDARD = gnu11;
				GCC_NO_COMMON_BLOCKS = YES;
				GCC_PREFIX_HEADER = "";
				GCC_WARN_64_TO_32_BIT_CONVERSION = YES;
				GCC_WARN_ABOUT_RETURN_TYPE = YES_ERROR;
				GCC_WARN_UNDECLARED_SELECTOR = YES;
				GCC_WARN_UNINITIALIZED_AUTOS = YES_AGGRESSIVE;
				GCC_WARN_UNUSED_FUNCTION = YES;
				GCC_WARN_UNUSED_VARIABLE = YES;
				IPHONEOS_DEPLOYMENT_TARGET = 8.0;
				MTL_ENABLE_DEBUG_INFO = NO;
				MTL_FAST_MATH = YES;
				SDKROOT = iphoneos;
				VALIDATE_PRODUCT = YES;
				VERSIONING_SYSTEM = "apple-generic";
				VERSION_INFO_PREFIX = "";
			};
			name = Release;
		};
		36A0AF0F23BDD3050075FC0C /* Debug */ = {
			isa = XCBuildConfiguration;
			buildSettings = {
				CODE_SIGN_STYLE = Automatic;
				DEFINES_MODULE = YES;
				DYLIB_COMPATIBILITY_VERSION = 1;
				DYLIB_CURRENT_VERSION = 1;
				DYLIB_INSTALL_NAME_BASE = "@rpath";
				FRAMEWORK_SEARCH_PATHS = (
					"$(inherited)",
					"$(PROJECT_DIR)/Carthage/Build/iOS",
				);
				GCC_PREFIX_HEADER = "$(SRCROOT)/JCToolKit-iOS/JCToolKit-prefix.pch";
				INFOPLIST_FILE = "JCToolKit-iOS/Info.plist";
				INSTALL_PATH = "$(LOCAL_LIBRARY_DIR)/Frameworks";
				LD_RUNPATH_SEARCH_PATHS = (
					"$(inherited)",
					"@executable_path/Frameworks",
					"@loader_path/Frameworks",
				);
				PRODUCT_BUNDLE_IDENTIFIER = "serisjam.JCToolKit-iOS";
				PRODUCT_NAME = "$(TARGET_NAME:c99extidentifier)";
				SKIP_INSTALL = YES;
				TARGETED_DEVICE_FAMILY = "1,2";
			};
			name = Debug;
		};
		36A0AF1023BDD3050075FC0C /* Release */ = {
			isa = XCBuildConfiguration;
			buildSettings = {
				CODE_SIGN_STYLE = Automatic;
				DEFINES_MODULE = YES;
				DYLIB_COMPATIBILITY_VERSION = 1;
				DYLIB_CURRENT_VERSION = 1;
				DYLIB_INSTALL_NAME_BASE = "@rpath";
				FRAMEWORK_SEARCH_PATHS = (
					"$(inherited)",
					"$(PROJECT_DIR)/Carthage/Build/iOS",
				);
				GCC_PREFIX_HEADER = "$(SRCROOT)/JCToolKit-iOS/JCToolKit-prefix.pch";
				INFOPLIST_FILE = "JCToolKit-iOS/Info.plist";
				INSTALL_PATH = "$(LOCAL_LIBRARY_DIR)/Frameworks";
				LD_RUNPATH_SEARCH_PATHS = (
					"$(inherited)",
					"@executable_path/Frameworks",
					"@loader_path/Frameworks",
				);
				PRODUCT_BUNDLE_IDENTIFIER = "serisjam.JCToolKit-iOS";
				PRODUCT_NAME = "$(TARGET_NAME:c99extidentifier)";
				SKIP_INSTALL = YES;
				TARGETED_DEVICE_FAMILY = "1,2";
			};
			name = Release;
		};
/* End XCBuildConfiguration section */

/* Begin XCConfigurationList section */
		36A0AF0023BDD3050075FC0C /* Build configuration list for PBXProject "JCToolKit-iOS" */ = {
			isa = XCConfigurationList;
			buildConfigurations = (
				36A0AF0C23BDD3050075FC0C /* Debug */,
				36A0AF0D23BDD3050075FC0C /* Release */,
			);
			defaultConfigurationIsVisible = 0;
			defaultConfigurationName = Release;
		};
		36A0AF0E23BDD3050075FC0C /* Build configuration list for PBXNativeTarget "JCToolKit" */ = {
			isa = XCConfigurationList;
			buildConfigurations = (
				36A0AF0F23BDD3050075FC0C /* Debug */,
				36A0AF1023BDD3050075FC0C /* Release */,
			);
			defaultConfigurationIsVisible = 0;
			defaultConfigurationName = Release;
		};
/* End XCConfigurationList section */
	};
	rootObject = 36A0AEFD23BDD3050075FC0C /* Project object */;
}
